# This file is automatically @generated by Cargo.
# It is not intended for manual editing.
version = 3

[[package]]
name = "soft_client_cli"
version = "0.1.0"
dependencies = [
 "soft_client_lib",
 "soft_shared_lib",
]

[[package]]
name = "soft_client_lib"
version = "0.1.0"
dependencies = [
 "soft_shared_lib",
]

[[package]]
name = "soft_server_cli"
version = "0.1.0"
dependencies = [
 "soft_server_lib",
 "soft_shared_lib",
]

[[package]]
name = "soft_server_lib"
version = "0.1.0"
dependencies = [
 "soft_shared_lib",
]

[[package]]
name = "soft_shared_lib"
version = "0.1.0"
